
Microsoft Visual Studio Solution File, Format Version 12.00
# Visual Studio Version 16
VisualStudioVersion = 16.0.30406.217
MinimumVisualStudioVersion = 10.0.40219.1
Project("{FAE04EC0-301F-11D3-BF4B-00C04F79EFBC}") = "TaskARSoft", "TaskARSoft\TaskARSoft.csproj", "{603D54B8-379E-43AA-82F2-1BDC29AB7F31}"
EndProject
Global
	GlobalSection(SolutionConfigurationPlatforms) = preSolution
		Debug|Any CPU = Debug|Any CPU
		Release|Any CPU = Release|Any CPU
	EndGlobalSection
	GlobalSection(ProjectConfigurationPlatforms) = postSolution
		{603D54B8-379E-43AA-82F2-1BDC29AB7F31}.Debug|Any CPU.ActiveCfg = Debug|Any CPU
		{603D54B8-379E-43AA-82F2-1BDC29AB7F31}.Debug|Any CPU.Build.0 = Debug|Any CPU
		{603D54B8-379E-43AA-82F2-1BDC29AB7F31}.Release|Any CPU.ActiveCfg = Release|Any CPU
		{603D54B8-379E-43AA-82F2-1BDC29AB7F31}.Release|Any CPU.Build.0 = Release|Any CPU
	EndGlobalSection
	GlobalSection(SolutionProperties) = preSolution
		HideSolutionNode = FALSE
	EndGlobalSection
	GlobalSection(ExtensibilityGlobals) = postSolution
		SolutionGuid = {767F40CC-9482-4870-B2AA-79A8D96A3C4A}
	EndGlobalSection
EndGlobal
